
Microsoft Visual Studio Solution File, Format Version 12.00
# Visual Studio Version 16
VisualStudioVersion = 16.0.30907.101
MinimumVisualStudioVersion = 10.0.40219.1
Project("{FAE04EC0-301F-11D3-BF4B-00C04F79EFBC}") = "mobile_price_classification", "mobile_price_classification\mobile_price_classification.csproj", "{CDB72FBE-1B5D-41F8-83D9-26EE07625AA0}"
EndProject
Global
	GlobalSection(SolutionConfigurationPlatforms) = preSolution
		Debug|Any CPU = Debug|Any CPU
		Debug|x64 = Debug|x64
		Release|Any CPU = Release|Any CPU
		Release|x64 = Release|x64
	EndGlobalSection
	GlobalSection(ProjectConfigurationPlatforms) = postSolution
		{CDB72FBE-1B5D-41F8-83D9-26EE07625AA0}.Debug|Any CPU.ActiveCfg = Debug|Any CPU
		{CDB72FBE-1B5D-41F8-83D9-26EE07625AA0}.Debug|Any CPU.Build.0 = Debug|Any CPU
		{CDB72FBE-1B5D-41F8-83D9-26EE07625AA0}.Debug|x64.ActiveCfg = Debug|x64
		{CDB72FBE-1B5D-41F8-83D9-26EE07625AA0}.Debug|x64.Build.0 = Debug|x64
		{CDB72FBE-1B5D-41F8-83D9-26EE07625AA0}.Release|Any CPU.ActiveCfg = Release|Any CPU
		{CDB72FBE-1B5D-41F8-83D9-26EE07625AA0}.Release|Any CPU.Build.0 = Release|Any CPU
		{CDB72FBE-1B5D-41F8-83D9-26EE07625AA0}.Release|x64.ActiveCfg = Release|x64
		{CDB72FBE-1B5D-41F8-83D9-26EE07625AA0}.Release|x64.Build.0 = Release|x64
	EndGlobalSection
	GlobalSection(SolutionProperties) = preSolution
		HideSolutionNode = FALSE
	EndGlobalSection
	GlobalSection(ExtensibilityGlobals) = postSolution
		SolutionGuid = {7D727086-3554-41F6-9D73-9566879EF323}
	EndGlobalSection
EndGlobal
